
Microsoft Visual Studio Solution File, Format Version 12.00
# Visual Studio Version 16
VisualStudioVersion = 16.0.30413.136
MinimumVisualStudioVersion = 10.0.40219.1
Project("{9A19103F-16F7-4668-BE54-9A1E7A4F7556}") = "FileuploadMvc", "FileuploadMvc\FileuploadMvc.csproj", "{2ED6BC7C-8F46-4883-ABE6-A46A68A097BE}"
EndProject
Project("{2150E333-8FDC-42A3-9474-1A3956D46DE8}") = "JWT", "JWT", "{BA8BB853-E98B-4215-868E-4DB0FF2B3456}"
EndProject
Global
	GlobalSection(SolutionConfigurationPlatforms) = preSolution
		Debug|Any CPU = Debug|Any CPU
		Release|Any CPU = Release|Any CPU
	EndGlobalSection
	GlobalSection(ProjectConfigurationPlatforms) = postSolution
		{2ED6BC7C-8F46-4883-ABE6-A46A68A097BE}.Debug|Any CPU.ActiveCfg = Debug|Any CPU
		{2ED6BC7C-8F46-4883-ABE6-A46A68A097BE}.Debug|Any CPU.Build.0 = Debug|Any CPU
		{2ED6BC7C-8F46-4883-ABE6-A46A68A097BE}.Release|Any CPU.ActiveCfg = Release|Any CPU
		{2ED6BC7C-8F46-4883-ABE6-A46A68A097BE}.Release|Any CPU.Build.0 = Release|Any CPU
	EndGlobalSection
	GlobalSection(SolutionProperties) = preSolution
		HideSolutionNode = FALSE
	EndGlobalSection
	GlobalSection(ExtensibilityGlobals) = postSolution
		SolutionGuid = {F15A22BD-5D2C-43BC-BE74-6F84D85C2EB6}
	EndGlobalSection
EndGlobal
